
Microsoft Visual Studio Solution File, Format Version 12.00
# Visual Studio 15
VisualStudioVersion = 15.0.28307.421
MinimumVisualStudioVersion = 10.0.40219.1
Project("{8BC9CEB8-8B4A-11D0-8D11-00A0C91BC942}") = "pong-SFML", "pong-SFML\pong-SFML.vcxproj", "{1F82F9C4-0D1B-4520-9304-CC44EB93F355}"
EndProject
Global
	GlobalSection(SolutionConfigurationPlatforms) = preSolution
		Debug|x64 = Debug|x64
		Debug|x86 = Debug|x86
		Release|x64 = Release|x64
		Release|x86 = Release|x86
	EndGlobalSection
	GlobalSection(ProjectConfigurationPlatforms) = postSolution
		{1F82F9C4-0D1B-4520-9304-CC44EB93F355}.Debug|x64.ActiveCfg = Debug|x64
		{1F82F9C4-0D1B-4520-9304-CC44EB93F355}.Debug|x64.Build.0 = Debug|x64
		{1F82F9C4-0D1B-4520-9304-CC44EB93F355}.Debug|x86.ActiveCfg = Debug|Win32
		{1F82F9C4-0D1B-4520-9304-CC44EB93F355}.Debug|x86.Build.0 = Debug|Win32
		{1F82F9C4-0D1B-4520-9304-CC44EB93F355}.Release|x64.ActiveCfg = Release|x64
		{1F82F9C4-0D1B-4520-9304-CC44EB93F355}.Release|x64.Build.0 = Release|x64
		{1F82F9C4-0D1B-4520-9304-CC44EB93F355}.Release|x86.ActiveCfg = Release|Win32
		{1F82F9C4-0D1B-4520-9304-CC44EB93F355}.Release|x86.Build.0 = Release|Win32
	EndGlobalSection
	GlobalSection(SolutionProperties) = preSolution
		HideSolutionNode = FALSE
	EndGlobalSection
	GlobalSection(ExtensibilityGlobals) = postSolution
		SolutionGuid = {9C10623E-313F-4791-893A-7BD7A0FC4B25}
	EndGlobalSection
EndGlobal
